
Microsoft Visual Studio Solution File, Format Version 12.00
# Visual Studio Version 17
VisualStudioVersion = 17.1.32210.238
MinimumVisualStudioVersion = 10.0.40219.1
Project("{FAE04EC0-301F-11D3-BF4B-00C04F79EFBC}") = "RansomForm", "RansomForm\RansomForm.csproj", "{1CB76AC9-8711-4E28-B651-2BB86F01AB5D}"
EndProject
Global
	GlobalSection(SolutionConfigurationPlatforms) = preSolution
		Debug|Any CPU = Debug|Any CPU
		Release|Any CPU = Release|Any CPU
	EndGlobalSection
	GlobalSection(ProjectConfigurationPlatforms) = postSolution
		{1CB76AC9-8711-4E28-B651-2BB86F01AB5D}.Debug|Any CPU.ActiveCfg = Debug|Any CPU
		{1CB76AC9-8711-4E28-B651-2BB86F01AB5D}.Debug|Any CPU.Build.0 = Debug|Any CPU
		{1CB76AC9-8711-4E28-B651-2BB86F01AB5D}.Release|Any CPU.ActiveCfg = Release|Any CPU
		{1CB76AC9-8711-4E28-B651-2BB86F01AB5D}.Release|Any CPU.Build.0 = Release|Any CPU
	EndGlobalSection
	GlobalSection(SolutionProperties) = preSolution
		HideSolutionNode = FALSE
	EndGlobalSection
	GlobalSection(ExtensibilityGlobals) = postSolution
		SolutionGuid = {A74C6F39-5C45-414F-8FB2-A31B519BB7D0}
	EndGlobalSection
EndGlobal
